
Microsoft Visual Studio Solution File, Format Version 12.00
# Visual Studio 15
VisualStudioVersion = 15.0.26730.16
MinimumVisualStudioVersion = 10.0.40219.1
Project("{FAE04EC0-301F-11D3-BF4B-00C04F79EFBC}") = "XamarinFoodBot.Android", "XamarinFoodBot\XamarinFoodBot.Android\XamarinFoodBot.Android.csproj", "{184B1FBB-D593-4897-96F3-472E14A1F150}"
EndProject
Project("{FAE04EC0-301F-11D3-BF4B-00C04F79EFBC}") = "XamarinFoodBot", "XamarinFoodBot\XamarinFoodBot\XamarinFoodBot.csproj", "{A12DCE32-399C-43EB-BCA2-53974E219FAB}"
EndProject
Project("{FAE04EC0-301F-11D3-BF4B-00C04F79EFBC}") = "XamarinFoodBot.UWP", "XamarinFoodBot\XamarinFoodBot.UWP\XamarinFoodBot.UWP.csproj", "{34278D97-4E18-44CB-A39E-82A1BDF289E4}"
EndProject
Project("{FAE04EC0-301F-11D3-BF4B-00C04F79EFBC}") = "XamarinFoodBot.iOS", "XamarinFoodBot\XamarinFoodBot.iOS\XamarinFoodBot.iOS.csproj", "{1D9E0BAC-B43C-4AB6-A280-C86926F905FE}"
EndProject
Global
	GlobalSection(SolutionConfigurationPlatforms) = preSolution
		Ad-Hoc|Any CPU = Ad-Hoc|Any CPU
		Ad-Hoc|ARM = Ad-Hoc|ARM
		Ad-Hoc|iPhone = Ad-Hoc|iPhone
		Ad-Hoc|iPhoneSimulator = Ad-Hoc|iPhoneSimulator
		Ad-Hoc|x64 = Ad-Hoc|x64
		Ad-Hoc|x86 = Ad-Hoc|x86
		AppStore|Any CPU = AppStore|Any CPU
		AppStore|ARM = AppStore|ARM
		AppStore|iPhone = AppStore|iPhone
		AppStore|iPhoneSimulator = AppStore|iPhoneSimulator
		AppStore|x64 = AppStore|x64
		AppStore|x86 = AppStore|x86
		Debug|Any CPU = Debug|Any CPU
		Debug|ARM = Debug|ARM
		Debug|iPhone = Debug|iPhone
		Debug|iPhoneSimulator = Debug|iPhoneSimulator
		Debug|x64 = Debug|x64
		Debug|x86 = Debug|x86
		Release|Any CPU = Release|Any CPU
		Release|ARM = Release|ARM
		Release|iPhone = Release|iPhone
		Release|iPhoneSimulator = Release|iPhoneSimulator
		Release|x64 = Release|x64
		Release|x86 = Release|x86
	EndGlobalSection
	GlobalSection(ProjectConfigurationPlatforms) = postSolution
		{184B1FBB-D593-4897-96F3-472E14A1F150}.Ad-Hoc|Any CPU.ActiveCfg = Release|Any CPU
		{184B1FBB-D593-4897-96F3-472E14A1F150}.Ad-Hoc|Any CPU.Build.0 = Release|Any CPU
		{184B1FBB-D593-4897-96F3-472E14A1F150}.Ad-Hoc|Any CPU.Deploy.0 = Release|Any CPU
		{184B1FBB-D593-4897-96F3-472E14A1F150}.Ad-Hoc|ARM.ActiveCfg = Release|Any CPU
		{184B1FBB-D593-4897-96F3-472E14A1F150}.Ad-Hoc|ARM.Build.0 = Release|Any CPU
		{184B1FBB-D593-4897-96F3-472E14A1F150}.Ad-Hoc|ARM.Deploy.0 = Release|Any CPU
		{184B1FBB-D593-4897-96F3-472E14A1F150}.Ad-Hoc|iPhone.ActiveCfg = Release|Any CPU
		{184B1FBB-D593-4897-96F3-472E14A1F150}.Ad-Hoc|iPhone.Build.0 = Release|Any CPU
		{184B1FBB-D593-4897-96F3-472E14A1F150}.Ad-Hoc|iPhone.Deploy.0 = Release|Any CPU
		{184B1FBB-D593-4897-96F3-472E14A1F150}.Ad-Hoc|iPhoneSimulator.ActiveCfg = Release|Any CPU
		{184B1FBB-D593-4897-96F3-472E14A1F150}.Ad-Hoc|iPhoneSimulator.Build.0 = Release|Any CPU
		{184B1FBB-D593-4897-96F3-472E14A1F150}.Ad-Hoc|iPhoneSimulator.Deploy.0 = Release|Any CPU
		{184B1FBB-D593-4897-96F3-472E14A1F150}.Ad-Hoc|x64.ActiveCfg = Release|Any CPU
		{184B1FBB-D593-4897-96F3-472E14A1F150}.Ad-Hoc|x64.Build.0 = Release|Any CPU
		{184B1FBB-D593-4897-96F3-472E14A1F150}.Ad-Hoc|x64.Deploy.0 = Release|Any CPU
		{184B1FBB-D593-4897-96F3-472E14A1F150}.Ad-Hoc|x86.ActiveCfg = Release|Any CPU
		{184B1FBB-D593-4897-96F3-472E14A1F150}.Ad-Hoc|x86.Build.0 = Release|Any CPU
		{184B1FBB-D593-4897-96F3-472E14A1F150}.Ad-Hoc|x86.Deploy.0 = Release|Any CPU
		{184B1FBB-D593-4897-96F3-472E14A1F150}.AppStore|Any CPU.ActiveCfg = Release|Any CPU
		{184B1FBB-D593-4897-96F3-472E14A1F150}.AppStore|Any CPU.Build.0 = Release|Any CPU
		{184B1FBB-D593-4897-96F3-472E14A1F150}.AppStore|Any CPU.Deploy.0 = Release|Any CPU
		{184B1FBB-D593-4897-96F3-472E14A1F150}.AppStore|ARM.ActiveCfg = Release|Any CPU
		{184B1FBB-D593-4897-96F3-472E14A1F150}.AppStore|ARM.Build.0 = Release|Any CPU
		{184B1FBB-D593-4897-96F3-472E14A1F150}.AppStore|ARM.Deploy.0 = Release|Any CPU
		{184B1FBB-D593-4897-96F3-472E14A1F150}.AppStore|iPhone.ActiveCfg = Release|Any CPU
		{184B1FBB-D593-4897-96F3-472E14A1F150}.AppStore|iPhone.Build.0 = Release|Any CPU
		{184B1FBB-D593-4897-96F3-472E14A1F150}.AppStore|iPhone.Deploy.0 = Release|Any CPU
		{184B1FBB-D593-4897-96F3-472E14A1F150}.AppStore|iPhoneSimulator.ActiveCfg = Release|Any CPU
		{184B1FBB-D593-4897-96F3-472E14A1F150}.AppStore|iPhoneSimulator.Build.0 = Release|Any CPU
		{184B1FBB-D593-4897-96F3-472E14A1F150}.AppStore|iPhoneSimulator.Deploy.0 = Release|Any CPU
		{184B1FBB-D593-4897-96F3-472E14A1F150}.AppStore|x64.ActiveCfg = Release|Any CPU
		{184B1FBB-D593-4897-96F3-472E14A1F150}.AppStore|x64.Build.0 = Release|Any CPU
		{184B1FBB-D593-4897-96F3-472E14A1F150}.AppStore|x64.Deploy.0 = Release|Any CPU
		{184B1FBB-D593-4897-96F3-472E14A1F150}.AppStore|x86.ActiveCfg = Release|Any CPU
		{184B1FBB-D593-4897-96F3-472E14A1F150}.AppStore|x86.Build.0 = Release|Any CPU
		{184B1FBB-D593-4897-96F3-472E14A1F150}.AppStore|x86.Deploy.0 = Release|Any CPU
		{184B1FBB-D593-4897-96F3-472E14A1F150}.Debug|Any CPU.ActiveCfg = Debug|Any CPU
		{184B1FBB-D593-4897-96F3-472E14A1F150}.Debug|Any CPU.Build.0 = Debug|Any CPU
		{184B1FBB-D593-4897-96F3-472E14A1F150}.Debug|Any CPU.Deploy.0 = Debug|Any CPU
		{184B1FBB-D593-4897-96F3-472E14A1F150}.Debug|ARM.ActiveCfg = Debug|Any CPU
		{184B1FBB-D593-4897-96F3-472E14A1F150}.Debug|ARM.Build.0 = Debug|Any CPU
		{184B1FBB-D593-4897-96F3-472E14A1F150}.Debug|ARM.Deploy.0 = Debug|Any CPU
		{184B1FBB-D593-4897-96F3-472E14A1F150}.Debug|iPhone.ActiveCfg = Debug|Any CPU
		{184B1FBB-D593-4897-96F3-472E14A1F150}.Debug|iPhone.Build.0 = Debug|Any CPU
		{184B1FBB-D593-4897-96F3-472E14A1F150}.Debug|iPhone.Deploy.0 = Debug|Any CPU
		{184B1FBB-D593-4897-96F3-472E14A1F150}.Debug|iPhoneSimulator.ActiveCfg = Debug|Any CPU
		{184B1FBB-D593-4897-96F3-472E14A1F150}.Debug|iPhoneSimulator.Build.0 = Debug|Any CPU
		{184B1FBB-D593-4897-96F3-472E14A1F150}.Debug|iPhoneSimulator.Deploy.0 = Debug|Any CPU
		{184B1FBB-D593-4897-96F3-472E14A1F150}.Debug|x64.ActiveCfg = Debug|Any CPU
		{184B1FBB-D593-4897-96F3-472E14A1F150}.Debug|x64.Build.0 = Debug|Any CPU
		{184B1FBB-D593-4897-96F3-472E14A1F150}.Debug|x64.Deploy.0 = Debug|Any CPU
		{184B1FBB-D593-4897-96F3-472E14A1F150}.Debug|x86.ActiveCfg = Debug|Any CPU
		{184B1FBB-D593-4897-96F3-472E14A1F150}.Debug|x86.Build.0 = Debug|Any CPU
		{184B1FBB-D593-4897-96F3-472E14A1F150}.Debug|x86.Deploy.0 = Debug|Any CPU
		{184B1FBB-D593-4897-96F3-472E14A1F150}.Release|Any CPU.ActiveCfg = Release|Any CPU
		{184B1FBB-D593-4897-96F3-472E14A1F150}.Release|Any CPU.Build.0 = Release|Any CPU
		{184B1FBB-D593-4897-96F3-472E14A1F150}.Release|Any CPU.Deploy.0 = Release|Any CPU
		{184B1FBB-D593-4897-96F3-472E14A1F150}.Release|ARM.ActiveCfg = Release|Any CPU
		{184B1FBB-D593-4897-96F3-472E14A1F150}.Release|ARM.Build.0 = Release|Any CPU
		{184B1FBB-D593-4897-96F3-472E14A1F150}.Release|ARM.Deploy.0 = Release|Any CPU
		{184B1FBB-D593-4897-96F3-472E14A1F150}.Release|iPhone.ActiveCfg = Release|Any CPU
		{184B1FBB-D593-4897-96F3-472E14A1F150}.Release|iPhone.Build.0 = Release|Any CPU
		{184B1FBB-D593-4897-96F3-472E14A1F150}.Release|iPhone.Deploy.0 = Release|Any CPU
		{184B1FBB-D593-4897-96F3-472E14A1F150}.Release|iPhoneSimulator.ActiveCfg = Release|Any CPU
		{184B1FBB-D593-4897-96F3-472E14A1F150}.Release|iPhoneSimulator.Build.0 = Release|Any CPU
		{184B1FBB-D593-4897-96F3-472E14A1F150}.Release|iPhoneSimulator.Deploy.0 = Release|Any CPU
		{184B1FBB-D593-4897-96F3-472E14A1F150}.Release|x64.ActiveCfg = Release|Any CPU
		{184B1FBB-D593-4897-96F3-472E14A1F150}.Release|x64.Build.0 = Release|Any CPU
		{184B1FBB-D593-4897-96F3-472E14A1F150}.Release|x64.Deploy.0 = Release|Any CPU
		{184B1FBB-D593-4897-96F3-472E14A1F150}.Release|x86.ActiveCfg = Release|Any CPU
		{184B1FBB-D593-4897-96F3-472E14A1F150}.Release|x86.Build.0 = Release|Any CPU
		{184B1FBB-D593-4897-96F3-472E14A1F150}.Release|x86.Deploy.0 = Release|Any CPU
		{A12DCE32-399C-43EB-BCA2-53974E219FAB}.Ad-Hoc|Any CPU.ActiveCfg = Release|Any CPU
		{A12DCE32-399C-43EB-BCA2-53974E219FAB}.Ad-Hoc|Any CPU.Build.0 = Release|Any CPU
		{A12DCE32-399C-43EB-BCA2-53974E219FAB}.Ad-Hoc|ARM.ActiveCfg = Release|Any CPU
		{A12DCE32-399C-43EB-BCA2-53974E219FAB}.Ad-Hoc|ARM.Build.0 = Release|Any CPU
		{A12DCE32-399C-43EB-BCA2-53974E219FAB}.Ad-Hoc|iPhone.ActiveCfg = Release|Any CPU
		{A12DCE32-399C-43EB-BCA2-53974E219FAB}.Ad-Hoc|iPhone.Build.0 = Release|Any CPU
		{A12DCE32-399C-43EB-BCA2-53974E219FAB}.Ad-Hoc|iPhoneSimulator.ActiveCfg = Release|Any CPU
		{A12DCE32-399C-43EB-BCA2-53974E219FAB}.Ad-Hoc|iPhoneSimulator.Build.0 = Release|Any CPU
		{A12DCE32-399C-43EB-BCA2-53974E219FAB}.Ad-Hoc|x64.ActiveCfg = Release|Any CPU
		{A12DCE32-399C-43EB-BCA2-53974E219FAB}.Ad-Hoc|x64.Build.0 = Release|Any CPU
		{A12DCE32-399C-43EB-BCA2-53974E219FAB}.Ad-Hoc|x86.ActiveCfg = Release|Any CPU
		{A12DCE32-399C-43EB-BCA2-53974E219FAB}.Ad-Hoc|x86.Build.0 = Release|Any CPU
		{A12DCE32-399C-43EB-BCA2-53974E219FAB}.AppStore|Any CPU.ActiveCfg = Release|Any CPU
		{A12DCE32-399C-43EB-BCA2-53974E219FAB}.AppStore|Any CPU.Build.0 = Release|Any CPU
		{A12DCE32-399C-43EB-BCA2-53974E219FAB}.AppStore|ARM.ActiveCfg = Release|Any CPU
		{A12DCE32-399C-43EB-BCA2-53974E219FAB}.AppStore|ARM.Build.0 = Release|Any CPU
		{A12DCE32-399C-43EB-BCA2-53974E219FAB}.AppStore|iPhone.ActiveCfg = Release|Any CPU
		{A12DCE32-399C-43EB-BCA2-53974E219FAB}.AppStore|iPhone.Build.0 = Release|Any CPU
		{A12DCE32-399C-43EB-BCA2-53974E219FAB}.AppStore|iPhoneSimulator.ActiveCfg = Release|Any CPU
		{A12DCE32-399C-43EB-BCA2-53974E219FAB}.AppStore|iPhoneSimulator.Build.0 = Release|Any CPU
		{A12DCE32-399C-43EB-BCA2-53974E219FAB}.AppStore|x64.ActiveCfg = Release|Any CPU
		{A12DCE32-399C-43EB-BCA2-53974E219FAB}.AppStore|x64.Build.0 = Release|Any CPU
		{A12DCE32-399C-43EB-BCA2-53974E219FAB}.AppStore|x86.ActiveCfg = Release|Any CPU
		{A12DCE32-399C-43EB-BCA2-53974E219FAB}.AppStore|x86.Build.0 = Release|Any CPU
		{A12DCE32-399C-43EB-BCA2-53974E219FAB}.Debug|Any CPU.ActiveCfg = Debug|Any CPU
		{A12DCE32-399C-43EB-BCA2-53974E219FAB}.Debug|Any CPU.Build.0 = Debug|Any CPU
		{A12DCE32-399C-43EB-BCA2-53974E219FAB}.Debug|ARM.ActiveCfg = Debug|Any CPU
		{A12DCE32-399C-43EB-BCA2-53974E219FAB}.Debug|ARM.Build.0 = Debug|Any CPU
		{A12DCE32-399C-43EB-BCA2-53974E219FAB}.Debug|iPhone.ActiveCfg = Debug|Any CPU
		{A12DCE32-399C-43EB-BCA2-53974E219FAB}.Debug|iPhone.Build.0 = Debug|Any CPU
		{A12DCE32-399C-43EB-BCA2-53974E219FAB}.Debug|iPhoneSimulator.ActiveCfg = Debug|Any CPU
		{A12DCE32-399C-43EB-BCA2-53974E219FAB}.Debug|iPhoneSimulator.Build.0 = Debug|Any CPU
		{A12DCE32-399C-43EB-BCA2-53974E219FAB}.Debug|x64.ActiveCfg = Debug|Any CPU
		{A12DCE32-399C-43EB-BCA2-53974E219FAB}.Debug|x64.Build.0 = Debug|Any CPU
		{A12DCE32-399C-43EB-BCA2-53974E219FAB}.Debug|x86.ActiveCfg = Debug|Any CPU
		{A12DCE32-399C-43EB-BCA2-53974E219FAB}.Debug|x86.Build.0 = Debug|Any CPU
		{A12DCE32-399C-43EB-BCA2-53974E219FAB}.Release|Any CPU.ActiveCfg = Release|Any CPU
		{A12DCE32-399C-43EB-BCA2-53974E219FAB}.Release|Any CPU.Build.0 = Release|Any CPU
		{A12DCE32-399C-43EB-BCA2-53974E219FAB}.Release|ARM.ActiveCfg = Release|Any CPU
		{A12DCE32-399C-43EB-BCA2-53974E219FAB}.Release|ARM.Build.0 = Release|Any CPU
		{A12DCE32-399C-43EB-BCA2-53974E219FAB}.Release|iPhone.ActiveCfg = Release|Any CPU
		{A12DCE32-399C-43EB-BCA2-53974E219FAB}.Release|iPhone.Build.0 = Release|Any CPU
		{A12DCE32-399C-43EB-BCA2-53974E219FAB}.Release|iPhoneSimulator.ActiveCfg = Release|Any CPU
		{A12DCE32-399C-43EB-BCA2-53974E219FAB}.Release|iPhoneSimulator.Build.0 = Release|Any CPU
		{A12DCE32-399C-43EB-BCA2-53974E219FAB}.Release|x64.ActiveCfg = Release|Any CPU
		{A12DCE32-399C-43EB-BCA2-53974E219FAB}.Release|x64.Build.0 = Release|Any CPU
		{A12DCE32-399C-43EB-BCA2-53974E219FAB}.Release|x86.ActiveCfg = Release|Any CPU
		{A12DCE32-399C-43EB-BCA2-53974E219FAB}.Release|x86.Build.0 = Release|Any CPU
		{34278D97-4E18-44CB-A39E-82A1BDF289E4}.Ad-Hoc|Any CPU.ActiveCfg = Release|x86
		{34278D97-4E18-44CB-A39E-82A1BDF289E4}.Ad-Hoc|Any CPU.Build.0 = Release|x86
		{34278D97-4E18-44CB-A39E-82A1BDF289E4}.Ad-Hoc|Any CPU.Deploy.0 = Release|x86
		{34278D97-4E18-44CB-A39E-82A1BDF289E4}.Ad-Hoc|ARM.ActiveCfg = Release|ARM
		{34278D97-4E18-44CB-A39E-82A1BDF289E4}.Ad-Hoc|ARM.Build.0 = Release|ARM
		{34278D97-4E18-44CB-A39E-82A1BDF289E4}.Ad-Hoc|ARM.Deploy.0 = Release|ARM
		{34278D97-4E18-44CB-A39E-82A1BDF289E4}.Ad-Hoc|iPhone.ActiveCfg = Release|x86
		{34278D97-4E18-44CB-A39E-82A1BDF289E4}.Ad-Hoc|iPhone.Build.0 = Release|x86
		{34278D97-4E18-44CB-A39E-82A1BDF289E4}.Ad-Hoc|iPhone.Deploy.0 = Release|x86
		{34278D97-4E18-44CB-A39E-82A1BDF289E4}.Ad-Hoc|iPhoneSimulator.ActiveCfg = Release|x86
		{34278D97-4E18-44CB-A39E-82A1BDF289E4}.Ad-Hoc|iPhoneSimulator.Build.0 = Release|x86
		{34278D97-4E18-44CB-A39E-82A1BDF289E4}.Ad-Hoc|iPhoneSimulator.Deploy.0 = Release|x86
		{34278D97-4E18-44CB-A39E-82A1BDF289E4}.Ad-Hoc|x64.ActiveCfg = Release|x64
		{34278D97-4E18-44CB-A39E-82A1BDF289E4}.Ad-Hoc|x64.Build.0 = Release|x64
		{34278D97-4E18-44CB-A39E-82A1BDF289E4}.Ad-Hoc|x64.Deploy.0 = Release|x64
		{34278D97-4E18-44CB-A39E-82A1BDF289E4}.Ad-Hoc|x86.ActiveCfg = Release|x86
		{34278D97-4E18-44CB-A39E-82A1BDF289E4}.Ad-Hoc|x86.Build.0 = Release|x86
		{34278D97-4E18-44CB-A39E-82A1BDF289E4}.Ad-Hoc|x86.Deploy.0 = Release|x86
		{34278D97-4E18-44CB-A39E-82A1BDF289E4}.AppStore|Any CPU.ActiveCfg = Release|x86
		{34278D97-4E18-44CB-A39E-82A1BDF289E4}.AppStore|Any CPU.Build.0 = Release|x86
		{34278D97-4E18-44CB-A39E-82A1BDF289E4}.AppStore|Any CPU.Deploy.0 = Release|x86
		{34278D97-4E18-44CB-A39E-82A1BDF289E4}.AppStore|ARM.ActiveCfg = Release|ARM
		{34278D97-4E18-44CB-A39E-82A1BDF289E4}.AppStore|ARM.Build.0 = Release|ARM
		{34278D97-4E18-44CB-A39E-82A1BDF289E4}.AppStore|ARM.Deploy.0 = Release|ARM
		{34278D97-4E18-44CB-A39E-82A1BDF289E4}.AppStore|iPhone.ActiveCfg = Release|x86
		{34278D97-4E18-44CB-A39E-82A1BDF289E4}.AppStore|iPhone.Build.0 = Release|x86
		{34278D97-4E18-44CB-A39E-82A1BDF289E4}.AppStore|iPhone.Deploy.0 = Release|x86
		{34278D97-4E18-44CB-A39E-82A1BDF289E4}.AppStore|iPhoneSimulator.ActiveCfg = Release|x86
		{34278D97-4E18-44CB-A39E-82A1BDF289E4}.AppStore|iPhoneSimulator.Build.0 = Release|x86
		{34278D97-4E18-44CB-A39E-82A1BDF289E4}.AppStore|iPhoneSimulator.Deploy.0 = Release|x86
		{34278D97-4E18-44CB-A39E-82A1BDF289E4}.AppStore|x64.ActiveCfg = Release|x64
		{34278D97-4E18-44CB-A39E-82A1BDF289E4}.AppStore|x64.Build.0 = Release|x64
		{34278D97-4E18-44CB-A39E-82A1BDF289E4}.AppStore|x64.Deploy.0 = Release|x64
		{34278D97-4E18-44CB-A39E-82A1BDF289E4}.AppStore|x86.ActiveCfg = Release|x86
		{34278D97-4E18-44CB-A39E-82A1BDF289E4}.AppStore|x86.Build.0 = Release|x86
		{34278D97-4E18-44CB-A39E-82A1BDF289E4}.AppStore|x86.Deploy.0 = Release|x86
		{34278D97-4E18-44CB-A39E-82A1BDF289E4}.Debug|Any CPU.ActiveCfg = Debug|x86
		{34278D97-4E18-44CB-A39E-82A1BDF289E4}.Debug|ARM.ActiveCfg = Debug|ARM
		{34278D97-4E18-44CB-A39E-82A1BDF289E4}.Debug|ARM.Build.0 = Debug|ARM
		{34278D97-4E18-44CB-A39E-82A1BDF289E4}.Debug|ARM.Deploy.0 = Debug|ARM
		{34278D97-4E18-44CB-A39E-82A1BDF289E4}.Debug|iPhone.ActiveCfg = Debug|x86
		{34278D97-4E18-44CB-A39E-82A1BDF289E4}.Debug|iPhoneSimulator.ActiveCfg = Debug|x86
		{34278D97-4E18-44CB-A39E-82A1BDF289E4}.Debug|x64.ActiveCfg = Debug|x64
		{34278D97-4E18-44CB-A39E-82A1BDF289E4}.Debug|x64.Build.0 = Debug|x64
		{34278D97-4E18-44CB-A39E-82A1BDF289E4}.Debug|x64.Deploy.0 = Debug|x64
		{34278D97-4E18-44CB-A39E-82A1BDF289E4}.Debug|x86.ActiveCfg = Debug|x86
		{34278D97-4E18-44CB-A39E-82A1BDF289E4}.Debug|x86.Build.0 = Debug|x86
		{34278D97-4E18-44CB-A39E-82A1BDF289E4}.Debug|x86.Deploy.0 = Debug|x86
		{34278D97-4E18-44CB-A39E-82A1BDF289E4}.Release|Any CPU.ActiveCfg = Release|x86
		{34278D97-4E18-44CB-A39E-82A1BDF289E4}.Release|ARM.ActiveCfg = Release|ARM
		{34278D97-4E18-44CB-A39E-82A1BDF289E4}.Release|ARM.Build.0 = Release|ARM
		{34278D97-4E18-44CB-A39E-82A1BDF289E4}.Release|ARM.Deploy.0 = Release|ARM
		{34278D97-4E18-44CB-A39E-82A1BDF289E4}.Release|iPhone.ActiveCfg = Release|x86
		{34278D97-4E18-44CB-A39E-82A1BDF289E4}.Release|iPhoneSimulator.ActiveCfg = Release|x86
		{34278D97-4E18-44CB-A39E-82A1BDF289E4}.Release|x64.ActiveCfg = Release|x64
		{34278D97-4E18-44CB-A39E-82A1BDF289E4}.Release|x64.Build.0 = Release|x64
		{34278D97-4E18-44CB-A39E-82A1BDF289E4}.Release|x64.Deploy.0 = Release|x64
		{34278D97-4E18-44CB-A39E-82A1BDF289E4}.Release|x86.ActiveCfg = Release|x86
		{34278D97-4E18-44CB-A39E-82A1BDF289E4}.Release|x86.Build.0 = Release|x86
		{34278D97-4E18-44CB-A39E-82A1BDF289E4}.Release|x86.Deploy.0 = Release|x86
		{1D9E0BAC-B43C-4AB6-A280-C86926F905FE}.Ad-Hoc|Any CPU.ActiveCfg = Ad-Hoc|iPhone
		{1D9E0BAC-B43C-4AB6-A280-C86926F905FE}.Ad-Hoc|ARM.ActiveCfg = Ad-Hoc|iPhone
		{1D9E0BAC-B43C-4AB6-A280-C86926F905FE}.Ad-Hoc|iPhone.ActiveCfg = Ad-Hoc|iPhone
		{1D9E0BAC-B43C-4AB6-A280-C86926F905FE}.Ad-Hoc|iPhone.Build.0 = Ad-Hoc|iPhone
		{1D9E0BAC-B43C-4AB6-A280-C86926F905FE}.Ad-Hoc|iPhoneSimulator.ActiveCfg = Ad-Hoc|iPhoneSimulator
		{1D9E0BAC-B43C-4AB6-A280-C86926F905FE}.Ad-Hoc|iPhoneSimulator.Build.0 = Ad-Hoc|iPhoneSimulator
		{1D9E0BAC-B43C-4AB6-A280-C86926F905FE}.Ad-Hoc|x64.ActiveCfg = Ad-Hoc|iPhone
		{1D9E0BAC-B43C-4AB6-A280-C86926F905FE}.Ad-Hoc|x86.ActiveCfg = Ad-Hoc|iPhone
		{1D9E0BAC-B43C-4AB6-A280-C86926F905FE}.AppStore|Any CPU.ActiveCfg = AppStore|iPhone
		{1D9E0BAC-B43C-4AB6-A280-C86926F905FE}.AppStore|ARM.ActiveCfg = AppStore|iPhone
		{1D9E0BAC-B43C-4AB6-A280-C86926F905FE}.AppStore|iPhone.ActiveCfg = AppStore|iPhone
		{1D9E0BAC-B43C-4AB6-A280-C86926F905FE}.AppStore|iPhone.Build.0 = AppStore|iPhone
		{1D9E0BAC-B43C-4AB6-A280-C86926F905FE}.AppStore|iPhoneSimulator.ActiveCfg = AppStore|iPhoneSimulator
		{1D9E0BAC-B43C-4AB6-A280-C86926F905FE}.AppStore|iPhoneSimulator.Build.0 = AppStore|iPhoneSimulator
		{1D9E0BAC-B43C-4AB6-A280-C86926F905FE}.AppStore|x64.ActiveCfg = AppStore|iPhone
		{1D9E0BAC-B43C-4AB6-A280-C86926F905FE}.AppStore|x86.ActiveCfg = AppStore|iPhone
		{1D9E0BAC-B43C-4AB6-A280-C86926F905FE}.Debug|Any CPU.ActiveCfg = Debug|iPhone
		{1D9E0BAC-B43C-4AB6-A280-C86926F905FE}.Debug|ARM.ActiveCfg = Debug|iPhone
		{1D9E0BAC-B43C-4AB6-A280-C86926F905FE}.Debug|iPhone.ActiveCfg = Debug|iPhone
		{1D9E0BAC-B43C-4AB6-A280-C86926F905FE}.Debug|iPhone.Build.0 = Debug|iPhone
		{1D9E0BAC-B43C-4AB6-A280-C86926F905FE}.Debug|iPhoneSimulator.ActiveCfg = Debug|iPhoneSimulator
		{1D9E0BAC-B43C-4AB6-A280-C86926F905FE}.Debug|iPhoneSimulator.Build.0 = Debug|iPhoneSimulator
		{1D9E0BAC-B43C-4AB6-A280-C86926F905FE}.Debug|x64.ActiveCfg = Debug|iPhone
		{1D9E0BAC-B43C-4AB6-A280-C86926F905FE}.Debug|x86.ActiveCfg = Debug|iPhone
		{1D9E0BAC-B43C-4AB6-A280-C86926F905FE}.Release|Any CPU.ActiveCfg = Release|iPhone
		{1D9E0BAC-B43C-4AB6-A280-C86926F905FE}.Release|ARM.ActiveCfg = Release|iPhone
		{1D9E0BAC-B43C-4AB6-A280-C86926F905FE}.Release|iPhone.ActiveCfg = Release|iPhone
		{1D9E0BAC-B43C-4AB6-A280-C86926F905FE}.Release|iPhone.Build.0 = Release|iPhone
		{1D9E0BAC-B43C-4AB6-A280-C86926F905FE}.Release|iPhoneSimulator.ActiveCfg = Release|iPhoneSimulator
		{1D9E0BAC-B43C-4AB6-A280-C86926F905FE}.Release|iPhoneSimulator.Build.0 = Release|iPhoneSimulator
		{1D9E0BAC-B43C-4AB6-A280-C86926F905FE}.Release|x64.ActiveCfg = Release|iPhone
		{1D9E0BAC-B43C-4AB6-A280-C86926F905FE}.Release|x86.ActiveCfg = Release|iPhone
	EndGlobalSection
	GlobalSection(SolutionProperties) = preSolution
		HideSolutionNode = FALSE
	EndGlobalSection
	GlobalSection(ExtensibilityGlobals) = postSolution
		SolutionGuid = {CD1FAF28-7F93-48F1-AADE-3E529EDA21C6}
	EndGlobalSection
EndGlobal
